
Microsoft Visual Studio Solution File, Format Version 12.00
# Visual Studio 2012
Project("{FAE04EC0-301F-11D3-BF4B-00C04F79EFBC}") = "KinectAutoCalibration.Common", "KinectAutoCalibration.Common\KinectAutoCalibration.Common.csproj", "{AD9D77A9-7904-47D3-9526-12D64F6F4ECD}"
EndProject
Project("{FAE04EC0-301F-11D3-BF4B-00C04F79EFBC}") = "KinectAutoCalibration.Beamer", "KinectAutoCalibration.Beamer\KinectAutoCalibration.Beamer.csproj", "{B7690C6F-242E-46B5-A9BB-7A00D43CFA40}"
EndProject
Project("{FAE04EC0-301F-11D3-BF4B-00C04F79EFBC}") = "KinectAutoCalibration.KinectCalibration", "KinectAutoCalibration.Calibration\KinectAutoCalibration.KinectCalibration.csproj", "{D30A1C6E-21BB-4175-A19D-B152C53E766F}"
EndProject
Project("{FAE04EC0-301F-11D3-BF4B-00C04F79EFBC}") = "KinectAutoCalibration.Kinect", "KinectAutoCalibration.Kinect\KinectAutoCalibration.Kinect.csproj", "{DC908959-89E9-487A-A54E-868465DB099C}"
EndProject
Project("{FAE04EC0-301F-11D3-BF4B-00C04F79EFBC}") = "KinectAutoCalibration.Dashboard", "WpfApplication1\KinectAutoCalibration.Dashboard.csproj", "{3746A200-6FF2-420A-8D6F-6A7A16867271}"
EndProject
Global
	GlobalSection(SolutionConfigurationPlatforms) = preSolution
		Debug|Any CPU = Debug|Any CPU
		Release|Any CPU = Release|Any CPU
	EndGlobalSection
	GlobalSection(ProjectConfigurationPlatforms) = postSolution
		{AD9D77A9-7904-47D3-9526-12D64F6F4ECD}.Debug|Any CPU.ActiveCfg = Debug|Any CPU
		{AD9D77A9-7904-47D3-9526-12D64F6F4ECD}.Debug|Any CPU.Build.0 = Debug|Any CPU
		{AD9D77A9-7904-47D3-9526-12D64F6F4ECD}.Release|Any CPU.ActiveCfg = Release|Any CPU
		{AD9D77A9-7904-47D3-9526-12D64F6F4ECD}.Release|Any CPU.Build.0 = Release|Any CPU
		{B7690C6F-242E-46B5-A9BB-7A00D43CFA40}.Debug|Any CPU.ActiveCfg = Debug|Any CPU
		{B7690C6F-242E-46B5-A9BB-7A00D43CFA40}.Debug|Any CPU.Build.0 = Debug|Any CPU
		{B7690C6F-242E-46B5-A9BB-7A00D43CFA40}.Release|Any CPU.ActiveCfg = Release|Any CPU
		{B7690C6F-242E-46B5-A9BB-7A00D43CFA40}.Release|Any CPU.Build.0 = Release|Any CPU
		{D30A1C6E-21BB-4175-A19D-B152C53E766F}.Debug|Any CPU.ActiveCfg = Debug|Any CPU
		{D30A1C6E-21BB-4175-A19D-B152C53E766F}.Debug|Any CPU.Build.0 = Debug|Any CPU
		{D30A1C6E-21BB-4175-A19D-B152C53E766F}.Release|Any CPU.ActiveCfg = Release|Any CPU
		{D30A1C6E-21BB-4175-A19D-B152C53E766F}.Release|Any CPU.Build.0 = Release|Any CPU
		{DC908959-89E9-487A-A54E-868465DB099C}.Debug|Any CPU.ActiveCfg = Debug|Any CPU
		{DC908959-89E9-487A-A54E-868465DB099C}.Debug|Any CPU.Build.0 = Debug|Any CPU
		{DC908959-89E9-487A-A54E-868465DB099C}.Release|Any CPU.ActiveCfg = Release|Any CPU
		{DC908959-89E9-487A-A54E-868465DB099C}.Release|Any CPU.Build.0 = Release|Any CPU
		{3746A200-6FF2-420A-8D6F-6A7A16867271}.Debug|Any CPU.ActiveCfg = Debug|Any CPU
		{3746A200-6FF2-420A-8D6F-6A7A16867271}.Debug|Any CPU.Build.0 = Debug|Any CPU
		{3746A200-6FF2-420A-8D6F-6A7A16867271}.Release|Any CPU.ActiveCfg = Release|Any CPU
		{3746A200-6FF2-420A-8D6F-6A7A16867271}.Release|Any CPU.Build.0 = Release|Any CPU
	EndGlobalSection
	GlobalSection(SolutionProperties) = preSolution
		HideSolutionNode = FALSE
	EndGlobalSection
EndGlobal
